
Microsoft Visual Studio Solution File, Format Version 12.00
# Visual Studio Version 17
VisualStudioVersion = 17.8.34408.163
MinimumVisualStudioVersion = 10.0.40219.1
Project("{F184B08F-C81C-45F6-A57F-5ABD9991F28F}") = "Assignment1_A1", "Assignment1_A1.vbproj", "{6535E93E-7152-47CE-92EF-DC1BB73FF1FF}"
EndProject
Global
	GlobalSection(SolutionConfigurationPlatforms) = preSolution
		Debug|Any CPU = Debug|Any CPU
		Release|Any CPU = Release|Any CPU
	EndGlobalSection
	GlobalSection(ProjectConfigurationPlatforms) = postSolution
		{6535E93E-7152-47CE-92EF-DC1BB73FF1FF}.Debug|Any CPU.ActiveCfg = Debug|Any CPU
		{6535E93E-7152-47CE-92EF-DC1BB73FF1FF}.Debug|Any CPU.Build.0 = Debug|Any CPU
		{6535E93E-7152-47CE-92EF-DC1BB73FF1FF}.Release|Any CPU.ActiveCfg = Release|Any CPU
		{6535E93E-7152-47CE-92EF-DC1BB73FF1FF}.Release|Any CPU.Build.0 = Release|Any CPU
	EndGlobalSection
	GlobalSection(SolutionProperties) = preSolution
		HideSolutionNode = FALSE
	EndGlobalSection
	GlobalSection(ExtensibilityGlobals) = postSolution
		SolutionGuid = {8CA86E7F-ED02-4BEC-B64D-753EE7C9AAD7}
	EndGlobalSection
EndGlobal
